{
  "name": "likened-b2b",
  "version": "1.0.0",
  "lockfileVersion": 3,
  "requires": true,
  "packages": {
    "": {
      "name": "likened-b2b",
      "version": "1.0.0",
      "dependencies": {
        "@ksimonnet/likened-shared": "file:../likened-shared"
      }
    },
    "../likened-shared": {
      "name": "@ksimonnet/likened-shared",
      "version": "1.0.3",
      "license": "MIT"
    },
    "node_modules/@ksimonnet/likened-shared": {
      "resolved": "../likened-shared",
      "link": true
    }
  }
}
